
Microsoft Visual Studio Solution File, Format Version 12.00
# Visual Studio Version 17
VisualStudioVersion = 17.2.32630.192
MinimumVisualStudioVersion = 10.0.40219.1
Project("{888888A0-9F3D-457C-B088-3A5042F75D52}") = "Medical", "Medical.pyproj", "{8442914E-D2C2-4DF6-8AF8-3A4D03D592DB}"
EndProject
Global
	GlobalSection(SolutionConfigurationPlatforms) = preSolution
		Debug|Any CPU = Debug|Any CPU
		Release|Any CPU = Release|Any CPU
	EndGlobalSection
	GlobalSection(ProjectConfigurationPlatforms) = postSolution
		{8442914E-D2C2-4DF6-8AF8-3A4D03D592DB}.Debug|Any CPU.ActiveCfg = Debug|Any CPU
		{8442914E-D2C2-4DF6-8AF8-3A4D03D592DB}.Release|Any CPU.ActiveCfg = Release|Any CPU
	EndGlobalSection
	GlobalSection(SolutionProperties) = preSolution
		HideSolutionNode = FALSE
	EndGlobalSection
	GlobalSection(ExtensibilityGlobals) = postSolution
		SolutionGuid = {4AB11AAD-4836-401E-BD2C-F97C24980046}
	EndGlobalSection
EndGlobal
